
Microsoft Visual Studio Solution File, Format Version 12.00
# Visual Studio Version 17
VisualStudioVersion = 17.12.35521.163 d17.12
MinimumVisualStudioVersion = 10.0.40219.1
Project("{D2ABAB84-BF74-430A-B69E-9DC6D40DDA17}") = "SSAS_Prj", "SSAS_Prj\SSAS_Prj.dwproj", "{D5550B85-E222-474B-BF2D-EF4BFB1B6B6D}"
EndProject
Global
	GlobalSection(SolutionConfigurationPlatforms) = preSolution
		Development|Default = Development|Default
	EndGlobalSection
	GlobalSection(ProjectConfigurationPlatforms) = postSolution
		{D5550B85-E222-474B-BF2D-EF4BFB1B6B6D}.Development|Default.ActiveCfg = Development
		{D5550B85-E222-474B-BF2D-EF4BFB1B6B6D}.Development|Default.Build.0 = Development
		{D5550B85-E222-474B-BF2D-EF4BFB1B6B6D}.Development|Default.Deploy.0 = Development
	EndGlobalSection
	GlobalSection(SolutionProperties) = preSolution
		HideSolutionNode = FALSE
	EndGlobalSection
EndGlobal
